
Microsoft Visual Studio Solution File, Format Version 12.00
# Visual Studio Version 17
VisualStudioVersion = 17.0.32126.317
MinimumVisualStudioVersion = 10.0.40219.1
Project("{FAE04EC0-301F-11D3-BF4B-00C04F79EFBC}") = "ProjHospitalCovid", "ProjHospitalCovid\ProjHospitalCovid.csproj", "{AB98D5EB-CDBB-4026-BFA4-A43C72B4260D}"
EndProject
Global
	GlobalSection(SolutionConfigurationPlatforms) = preSolution
		Debug|Any CPU = Debug|Any CPU
		Release|Any CPU = Release|Any CPU
	EndGlobalSection
	GlobalSection(ProjectConfigurationPlatforms) = postSolution
		{AB98D5EB-CDBB-4026-BFA4-A43C72B4260D}.Debug|Any CPU.ActiveCfg = Debug|Any CPU
		{AB98D5EB-CDBB-4026-BFA4-A43C72B4260D}.Debug|Any CPU.Build.0 = Debug|Any CPU
		{AB98D5EB-CDBB-4026-BFA4-A43C72B4260D}.Release|Any CPU.ActiveCfg = Release|Any CPU
		{AB98D5EB-CDBB-4026-BFA4-A43C72B4260D}.Release|Any CPU.Build.0 = Release|Any CPU
	EndGlobalSection
	GlobalSection(SolutionProperties) = preSolution
		HideSolutionNode = FALSE
	EndGlobalSection
	GlobalSection(ExtensibilityGlobals) = postSolution
		SolutionGuid = {B97D0DA2-7964-4438-BAE2-B0F988C3A916}
	EndGlobalSection
EndGlobal
